
Microsoft Visual Studio Solution File, Format Version 12.00
# Visual Studio Version 16
VisualStudioVersion = 16.0.32802.399
MinimumVisualStudioVersion = 10.0.40219.1
Project("{FAE04EC0-301F-11D3-BF4B-00C04F79EFBC}") = "apple compiler", "apple compiler.csproj", "{A470246A-0E0C-4AAC-B163-1E5F7C339329}"
EndProject
Global
	GlobalSection(SolutionConfigurationPlatforms) = preSolution
		Debug|Any CPU = Debug|Any CPU
		Release|Any CPU = Release|Any CPU
	EndGlobalSection
	GlobalSection(ProjectConfigurationPlatforms) = postSolution
		{A470246A-0E0C-4AAC-B163-1E5F7C339329}.Debug|Any CPU.ActiveCfg = Debug|Any CPU
		{A470246A-0E0C-4AAC-B163-1E5F7C339329}.Debug|Any CPU.Build.0 = Debug|Any CPU
		{A470246A-0E0C-4AAC-B163-1E5F7C339329}.Release|Any CPU.ActiveCfg = Release|Any CPU
		{A470246A-0E0C-4AAC-B163-1E5F7C339329}.Release|Any CPU.Build.0 = Release|Any CPU
	EndGlobalSection
	GlobalSection(SolutionProperties) = preSolution
		HideSolutionNode = FALSE
	EndGlobalSection
	GlobalSection(ExtensibilityGlobals) = postSolution
		SolutionGuid = {F55267E7-15C3-4CC9-ADD0-530FE9B56E22}
	EndGlobalSection
EndGlobal
